
Microsoft Visual Studio Solution File, Format Version 12.00
# Visual Studio Version 17
VisualStudioVersion = 17.5.002.0
MinimumVisualStudioVersion = 10.0.40219.1
Project("{9A19103F-16F7-4668-BE54-9A1E7A4F7556}") = "cours_web_Api", "cours_web_Api.csproj", "{AFA5C2FA-1427-4736-95D4-20E53D9BDB62}"
EndProject
Global
	GlobalSection(SolutionConfigurationPlatforms) = preSolution
		Debug|Any CPU = Debug|Any CPU
		Release|Any CPU = Release|Any CPU
	EndGlobalSection
	GlobalSection(ProjectConfigurationPlatforms) = postSolution
		{AFA5C2FA-1427-4736-95D4-20E53D9BDB62}.Debug|Any CPU.ActiveCfg = Debug|Any CPU
		{AFA5C2FA-1427-4736-95D4-20E53D9BDB62}.Debug|Any CPU.Build.0 = Debug|Any CPU
		{AFA5C2FA-1427-4736-95D4-20E53D9BDB62}.Release|Any CPU.ActiveCfg = Release|Any CPU
		{AFA5C2FA-1427-4736-95D4-20E53D9BDB62}.Release|Any CPU.Build.0 = Release|Any CPU
	EndGlobalSection
	GlobalSection(SolutionProperties) = preSolution
		HideSolutionNode = FALSE
	EndGlobalSection
	GlobalSection(ExtensibilityGlobals) = postSolution
		SolutionGuid = {F55C7369-17E8-487F-B6A0-61A3BD0DC380}
	EndGlobalSection
EndGlobal
